
Microsoft Visual Studio Solution File, Format Version 12.00
# Visual Studio Version 17
VisualStudioVersion = 17.2.32516.85
MinimumVisualStudioVersion = 10.0.40219.1
Project("{9A19103F-16F7-4668-BE54-9A1E7A4F7556}") = "Sokoban", "Sokoban\Sokoban.csproj", "{76F685B2-8006-4E0B-85BD-AF8D26312EED}"
EndProject
Project("{9A19103F-16F7-4668-BE54-9A1E7A4F7556}") = "Sokoban.Core", "Sokoban.Core\Sokoban.Core.csproj", "{F95FAE8C-2AE3-48D0-8021-CBA01392CF08}"
EndProject
Project("{9A19103F-16F7-4668-BE54-9A1E7A4F7556}") = "Sokoban.Assets", "Sokoban.Assets\Sokoban.Assets.csproj", "{D44027F9-4F61-426A-9E97-4E9BA02A48CF}"
EndProject
Project("{9A19103F-16F7-4668-BE54-9A1E7A4F7556}") = "Sokoban.Core.Tests", "Sokoban.Core.Tests\Sokoban.Core.Tests.csproj", "{AD548A04-B0D9-4940-ABF3-C11E0F5409C5}"
EndProject
Project("{FAE04EC0-301F-11D3-BF4B-00C04F79EFBC}") = "Sokoban.Editor", "Sokoban.Editor\Sokoban.Editor.csproj", "{55FE47AB-5A03-47FC-A056-11E1B3D23994}"
EndProject
Global
	GlobalSection(SolutionConfigurationPlatforms) = preSolution
		Debug|Any CPU = Debug|Any CPU
		Release|Any CPU = Release|Any CPU
	EndGlobalSection
	GlobalSection(ProjectConfigurationPlatforms) = postSolution
		{76F685B2-8006-4E0B-85BD-AF8D26312EED}.Debug|Any CPU.ActiveCfg = Debug|Any CPU
		{76F685B2-8006-4E0B-85BD-AF8D26312EED}.Debug|Any CPU.Build.0 = Debug|Any CPU
		{76F685B2-8006-4E0B-85BD-AF8D26312EED}.Release|Any CPU.ActiveCfg = Release|Any CPU
		{76F685B2-8006-4E0B-85BD-AF8D26312EED}.Release|Any CPU.Build.0 = Release|Any CPU
		{F95FAE8C-2AE3-48D0-8021-CBA01392CF08}.Debug|Any CPU.ActiveCfg = Debug|Any CPU
		{F95FAE8C-2AE3-48D0-8021-CBA01392CF08}.Debug|Any CPU.Build.0 = Debug|Any CPU
		{F95FAE8C-2AE3-48D0-8021-CBA01392CF08}.Release|Any CPU.ActiveCfg = Release|Any CPU
		{F95FAE8C-2AE3-48D0-8021-CBA01392CF08}.Release|Any CPU.Build.0 = Release|Any CPU
		{D44027F9-4F61-426A-9E97-4E9BA02A48CF}.Debug|Any CPU.ActiveCfg = Debug|Any CPU
		{D44027F9-4F61-426A-9E97-4E9BA02A48CF}.Debug|Any CPU.Build.0 = Debug|Any CPU
		{D44027F9-4F61-426A-9E97-4E9BA02A48CF}.Release|Any CPU.ActiveCfg = Release|Any CPU
		{D44027F9-4F61-426A-9E97-4E9BA02A48CF}.Release|Any CPU.Build.0 = Release|Any CPU
		{AD548A04-B0D9-4940-ABF3-C11E0F5409C5}.Debug|Any CPU.ActiveCfg = Debug|Any CPU
		{AD548A04-B0D9-4940-ABF3-C11E0F5409C5}.Debug|Any CPU.Build.0 = Debug|Any CPU
		{AD548A04-B0D9-4940-ABF3-C11E0F5409C5}.Release|Any CPU.ActiveCfg = Release|Any CPU
		{AD548A04-B0D9-4940-ABF3-C11E0F5409C5}.Release|Any CPU.Build.0 = Release|Any CPU
		{55FE47AB-5A03-47FC-A056-11E1B3D23994}.Debug|Any CPU.ActiveCfg = Debug|Any CPU
		{55FE47AB-5A03-47FC-A056-11E1B3D23994}.Debug|Any CPU.Build.0 = Debug|Any CPU
		{55FE47AB-5A03-47FC-A056-11E1B3D23994}.Release|Any CPU.ActiveCfg = Release|Any CPU
		{55FE47AB-5A03-47FC-A056-11E1B3D23994}.Release|Any CPU.Build.0 = Release|Any CPU
	EndGlobalSection
	GlobalSection(SolutionProperties) = preSolution
		HideSolutionNode = FALSE
	EndGlobalSection
	GlobalSection(ExtensibilityGlobals) = postSolution
		SolutionGuid = {77C15E00-CC94-4136-966C-4C6E2F04D421}
	EndGlobalSection
EndGlobal
